
Microsoft Visual Studio Solution File, Format Version 12.00
# Visual Studio Version 17
VisualStudioVersion = 17.7.34024.191
MinimumVisualStudioVersion = 10.0.40219.1
Project("{FAE04EC0-301F-11D3-BF4B-00C04F79EFBC}") = "FcmbInterview.Domain", "FcmbInterview.Domain\FcmbInterview.Domain.csproj", "{2B5425E1-DD56-4217-8660-A61C93286D9C}"
EndProject
Project("{FAE04EC0-301F-11D3-BF4B-00C04F79EFBC}") = "FcmbInterview.Infrastructure", "FcmbInterview.Infrastructure\FcmbInterview.Infrastructure.csproj", "{1BB4F8CB-BD50-4F52-BCE3-3EA10CEFF2AE}"
EndProject
Project("{FAE04EC0-301F-11D3-BF4B-00C04F79EFBC}") = "FcmbInterview.Application", "FcmbInterview.Application\FcmbInterview.Application.csproj", "{2C20A3E9-AA63-4CC8-B4FF-3D0EC3EE3CB4}"
EndProject
Project("{FAE04EC0-301F-11D3-BF4B-00C04F79EFBC}") = "FcmbInterview.Contract", "FcmbInterview.Contract\FcmbInterview.Contract.csproj", "{806B1ECD-7801-4958-B469-F0E980A0A308}"
EndProject
Project("{FAE04EC0-301F-11D3-BF4B-00C04F79EFBC}") = "FcmbInterview.Api", "FcmbInterview.Api\FcmbInterview.Api.csproj", "{F4C83B7E-77D3-4716-A713-2A5EEB7786CE}"
EndProject
Global
	GlobalSection(SolutionConfigurationPlatforms) = preSolution
		Debug|Any CPU = Debug|Any CPU
		Release|Any CPU = Release|Any CPU
	EndGlobalSection
	GlobalSection(ProjectConfigurationPlatforms) = postSolution
		{2B5425E1-DD56-4217-8660-A61C93286D9C}.Debug|Any CPU.ActiveCfg = Debug|Any CPU
		{2B5425E1-DD56-4217-8660-A61C93286D9C}.Debug|Any CPU.Build.0 = Debug|Any CPU
		{2B5425E1-DD56-4217-8660-A61C93286D9C}.Release|Any CPU.ActiveCfg = Release|Any CPU
		{2B5425E1-DD56-4217-8660-A61C93286D9C}.Release|Any CPU.Build.0 = Release|Any CPU
		{1BB4F8CB-BD50-4F52-BCE3-3EA10CEFF2AE}.Debug|Any CPU.ActiveCfg = Debug|Any CPU
		{1BB4F8CB-BD50-4F52-BCE3-3EA10CEFF2AE}.Debug|Any CPU.Build.0 = Debug|Any CPU
		{1BB4F8CB-BD50-4F52-BCE3-3EA10CEFF2AE}.Release|Any CPU.ActiveCfg = Release|Any CPU
		{1BB4F8CB-BD50-4F52-BCE3-3EA10CEFF2AE}.Release|Any CPU.Build.0 = Release|Any CPU
		{2C20A3E9-AA63-4CC8-B4FF-3D0EC3EE3CB4}.Debug|Any CPU.ActiveCfg = Debug|Any CPU
		{2C20A3E9-AA63-4CC8-B4FF-3D0EC3EE3CB4}.Debug|Any CPU.Build.0 = Debug|Any CPU
		{2C20A3E9-AA63-4CC8-B4FF-3D0EC3EE3CB4}.Release|Any CPU.ActiveCfg = Release|Any CPU
		{2C20A3E9-AA63-4CC8-B4FF-3D0EC3EE3CB4}.Release|Any CPU.Build.0 = Release|Any CPU
		{806B1ECD-7801-4958-B469-F0E980A0A308}.Debug|Any CPU.ActiveCfg = Debug|Any CPU
		{806B1ECD-7801-4958-B469-F0E980A0A308}.Debug|Any CPU.Build.0 = Debug|Any CPU
		{806B1ECD-7801-4958-B469-F0E980A0A308}.Release|Any CPU.ActiveCfg = Release|Any CPU
		{806B1ECD-7801-4958-B469-F0E980A0A308}.Release|Any CPU.Build.0 = Release|Any CPU
		{F4C83B7E-77D3-4716-A713-2A5EEB7786CE}.Debug|Any CPU.ActiveCfg = Debug|Any CPU
		{F4C83B7E-77D3-4716-A713-2A5EEB7786CE}.Debug|Any CPU.Build.0 = Debug|Any CPU
		{F4C83B7E-77D3-4716-A713-2A5EEB7786CE}.Release|Any CPU.ActiveCfg = Release|Any CPU
		{F4C83B7E-77D3-4716-A713-2A5EEB7786CE}.Release|Any CPU.Build.0 = Release|Any CPU
	EndGlobalSection
	GlobalSection(SolutionProperties) = preSolution
		HideSolutionNode = FALSE
	EndGlobalSection
	GlobalSection(ExtensibilityGlobals) = postSolution
		SolutionGuid = {1A8F8FEA-1943-4ED3-AAEE-8EBDF53B1D7F}
	EndGlobalSection
EndGlobal
